// !$*UTF8*$!
{
	archiveVersion = 1;
	classes = {
	};
	objectVersion = 46;
	objects = {

/* Begin PBXBuildFile section */
		1591F320199C07E10085D16A /* main.m in Sources */ = {isa = PBXBuildFile; fileRef = 1591F31F199C07E10085D16A /* main.m */; };
		1591F329199C0A9A0085D16A /* Ch1GettingStarted.m in Sources */ = {isa = PBXBuildFile; fileRef = 1591F328199C0A9A0085D16A /* Ch1GettingStarted.m */; };
		1591F32D199C11D60085D16A /* Ch2-UsingClasses.m in Sources */ = {isa = PBXBuildFile; fileRef = 1591F32C199C11D60085D16A /* Ch2-UsingClasses.m */; };
		15B3B269199E8F130080141C /* Hydrogen.m in Sources */ = {isa = PBXBuildFile; fileRef = 15B3B268199E8F130080141C /* Hydrogen.m */; };
		15B3B26C199ED18C0080141C /* HydrogenHelper.m in Sources */ = {isa = PBXBuildFile; fileRef = 15B3B26B199ED1860080141C /* HydrogenHelper.m */; };
		15B3B26F199ED8450080141C /* Ch2UsingClasses+Helper.m in Sources */ = {isa = PBXBuildFile; fileRef = 15B3B26E199ED8450080141C /* Ch2UsingClasses+Helper.m */; };
		15C35A74199D2E57005A1F71 /* Ch2-UsingClasses+Nuclear.m in Sources */ = {isa = PBXBuildFile; fileRef = 15C35A73199D2E57005A1F71 /* Ch2-UsingClasses+Nuclear.m */; };
		15C35A78199D5C55005A1F71 /* Ch23-ObjectsAndMessaging.m in Sources */ = {isa = PBXBuildFile; fileRef = 15C35A77199D5C55005A1F71 /* Ch23-ObjectsAndMessaging.m */; };
/* End PBXBuildFile section */

/* Begin PBXCopyFilesBuildPhase section */
		1591F31A199C07E10085D16A /* CopyFiles */ = {
			isa = PBXCopyFilesBuildPhase;
			buildActionMask = 2147483647;
			dstPath = /usr/share/man/man1/;
			dstSubfolderSpec = 0;
			files = (
			);
			runOnlyForDeploymentPostprocessing = 1;
		};
/* End PBXCopyFilesBuildPhase section */

/* Begin PBXFileReference section */
		1591F31C199C07E10085D16A /* PRO-ObjectiveC */ = {isa = PBXFileReference; explicitFileType = "compiled.mach-o.executable"; includeInIndex = 0; path = "PRO-ObjectiveC"; sourceTree = BUILT_PRODUCTS_DIR; };
		1591F31F199C07E10085D16A /* main.m */ = {isa = PBXFileReference; lastKnownFileType = sourcecode.c.objc; path = main.m; sourceTree = "<group>"; };
		1591F327199C0A9A0085D16A /* Ch1GettingStarted.h */ = {isa = PBXFileReference; fileEncoding = 4; lastKnownFileType = sourcecode.c.h; path = Ch1GettingStarted.h; sourceTree = "<group>"; };
		1591F328199C0A9A0085D16A /* Ch1GettingStarted.m */ = {isa = PBXFileReference; fileEncoding = 4; lastKnownFileType = sourcecode.c.objc; path = Ch1GettingStarted.m; sourceTree = "<group>"; };
		1591F32B199C11D60085D16A /* Ch2-UsingClasses.h */ = {isa = PBXFileReference; fileEncoding = 4; lastKnownFileType = sourcecode.c.h; path = "Ch2-UsingClasses.h"; sourceTree = "<group>"; };
		1591F32C199C11D60085D16A /* Ch2-UsingClasses.m */ = {isa = PBXFileReference; fileEncoding = 4; lastKnownFileType = sourcecode.c.objc; path = "Ch2-UsingClasses.m"; sourceTree = "<group>"; };
		15B3B267199E8F130080141C /* Hydrogen.h */ = {isa = PBXFileReference; fileEncoding = 4; lastKnownFileType = sourcecode.c.h; path = Hydrogen.h; sourceTree = "<group>"; };
		15B3B268199E8F130080141C /* Hydrogen.m */ = {isa = PBXFileReference; fileEncoding = 4; lastKnownFileType = sourcecode.c.objc; path = Hydrogen.m; sourceTree = "<group>"; };
		15B3B26A199ED1830080141C /* HydrogenHelper.h */ = {isa = PBXFileReference; fileEncoding = 4; lastKnownFileType = sourcecode.c.h; path = HydrogenHelper.h; sourceTree = "<group>"; };
		15B3B26B199ED1860080141C /* HydrogenHelper.m */ = {isa = PBXFileReference; fileEncoding = 4; lastKnownFileType = sourcecode.c.objc; path = HydrogenHelper.m; sourceTree = "<group>"; };
		15B3B26D199ED8450080141C /* Ch2UsingClasses+Helper.h */ = {isa = PBXFileReference; fileEncoding = 4; lastKnownFileType = sourcecode.c.h; path = "Ch2UsingClasses+Helper.h"; sourceTree = "<group>"; };
		15B3B26E199ED8450080141C /* Ch2UsingClasses+Helper.m */ = {isa = PBXFileReference; fileEncoding = 4; lastKnownFileType = sourcecode.c.objc; path = "Ch2UsingClasses+Helper.m"; sourceTree = "<group>"; };
		15C35A71199D2985005A1F71 /* Writer.h */ = {isa = PBXFileReference; fileEncoding = 4; lastKnownFileType = sourcecode.c.h; path = Writer.h; sourceTree = "<group>"; };
		15C35A72199D2E57005A1F71 /* Ch2-UsingClasses+Nuclear.h */ = {isa = PBXFileReference; fileEncoding = 4; lastKnownFileType = sourcecode.c.h; path = "Ch2-UsingClasses+Nuclear.h"; sourceTree = "<group>"; };
		15C35A73199D2E57005A1F71 /* Ch2-UsingClasses+Nuclear.m */ = {isa = PBXFileReference; fileEncoding = 4; lastKnownFileType = sourcecode.c.objc; path = "Ch2-UsingClasses+Nuclear.m"; sourceTree = "<group>"; };
		15C35A76199D5C55005A1F71 /* Ch23-ObjectsAndMessaging.h */ = {isa = PBXFileReference; fileEncoding = 4; lastKnownFileType = sourcecode.c.h; path = "Ch23-ObjectsAndMessaging.h"; sourceTree = "<group>"; };
		15C35A77199D5C55005A1F71 /* Ch23-ObjectsAndMessaging.m */ = {isa = PBXFileReference; fileEncoding = 4; lastKnownFileType = sourcecode.c.objc; path = "Ch23-ObjectsAndMessaging.m"; sourceTree = "<group>"; };
/* End PBXFileReference section */

/* Begin PBXFrameworksBuildPhase section */
		1591F319199C07E10085D16A /* Frameworks */ = {
			isa = PBXFrameworksBuildPhase;
			buildActionMask = 2147483647;
			files = (
			);
			runOnlyForDeploymentPostprocessing = 0;
		};
/* End PBXFrameworksBuildPhase section */

/* Begin PBXGroup section */
		1591F313199C07E00085D16A = {
			isa = PBXGroup;
			children = (
				1591F31E199C07E10085D16A /* PRO-ObjectiveC */,
				1591F31D199C07E10085D16A /* Products */,
			);
			sourceTree = "<group>";
		};
		1591F31D199C07E10085D16A /* Products */ = {
			isa = PBXGroup;
			children = (
				1591F31C199C07E10085D16A /* PRO-ObjectiveC */,
			);
			name = Products;
			sourceTree = "<group>";
		};
		1591F31E199C07E10085D16A /* PRO-ObjectiveC */ = {
			isa = PBXGroup;
			children = (
				15B3B270199EDAC00080141C /* Ch4-MemoryManagement */,
				15C35A75199D35EC005A1F71 /* Ch3-ObjectsAndMessaging */,
				1591F32A199C11AF0085D16A /* Ch2-UsingClasses */,
				1591F326199C09A80085D16A /* Ch1-GettingStarted */,
				1591F31F199C07E10085D16A /* main.m */,
			);
			path = "PRO-ObjectiveC";
			sourceTree = "<group>";
		};
		1591F326199C09A80085D16A /* Ch1-GettingStarted */ = {
			isa = PBXGroup;
			children = (
				1591F327199C0A9A0085D16A /* Ch1GettingStarted.h */,
				1591F328199C0A9A0085D16A /* Ch1GettingStarted.m */,
			);
			name = "Ch1-GettingStarted";
			sourceTree = "<group>";
		};
		1591F32A199C11AF0085D16A /* Ch2-UsingClasses */ = {
			isa = PBXGroup;
			children = (
				1591F32B199C11D60085D16A /* Ch2-UsingClasses.h */,
				1591F32C199C11D60085D16A /* Ch2-UsingClasses.m */,
				15C35A71199D2985005A1F71 /* Writer.h */,
				15C35A72199D2E57005A1F71 /* Ch2-UsingClasses+Nuclear.h */,
				15C35A73199D2E57005A1F71 /* Ch2-UsingClasses+Nuclear.m */,
			);
			name = "Ch2-UsingClasses";
			sourceTree = "<group>";
		};
		15B3B270199EDAC00080141C /* Ch4-MemoryManagement */ = {
			isa = PBXGroup;
			children = (
			);
			name = "Ch4-MemoryManagement";
			sourceTree = "<group>";
		};
		15C35A75199D35EC005A1F71 /* Ch3-ObjectsAndMessaging */ = {
			isa = PBXGroup;
			children = (
				15C35A76199D5C55005A1F71 /* Ch23-ObjectsAndMessaging.h */,
				15C35A77199D5C55005A1F71 /* Ch23-ObjectsAndMessaging.m */,
				15B3B267199E8F130080141C /* Hydrogen.h */,
				15B3B268199E8F130080141C /* Hydrogen.m */,
				15B3B26A199ED1830080141C /* HydrogenHelper.h */,
				15B3B26B199ED1860080141C /* HydrogenHelper.m */,
				15B3B26D199ED8450080141C /* Ch2UsingClasses+Helper.h */,
				15B3B26E199ED8450080141C /* Ch2UsingClasses+Helper.m */,
			);
			name = "Ch3-ObjectsAndMessaging";
			sourceTree = "<group>";
		};
/* End PBXGroup section */

/* Begin PBXNativeTarget section */
		1591F31B199C07E10085D16A /* PRO-ObjectiveC */ = {
			isa = PBXNativeTarget;
			buildConfigurationList = 1591F323199C07E10085D16A /* Build configuration list for PBXNativeTarget "PRO-ObjectiveC" */;
			buildPhases = (
				1591F318199C07E10085D16A /* Sources */,
				1591F319199C07E10085D16A /* Frameworks */,
				1591F31A199C07E10085D16A /* CopyFiles */,
			);
			buildRules = (
			);
			dependencies = (
			);
			name = "PRO-ObjectiveC";
			productName = "PRO-ObjectiveC";
			productReference = 1591F31C199C07E10085D16A /* PRO-ObjectiveC */;
			productType = "com.apple.product-type.tool";
		};
/* End PBXNativeTarget section */

/* Begin PBXProject section */
		1591F314199C07E00085D16A /* Project object */ = {
			isa = PBXProject;
			attributes = {
				LastUpgradeCheck = 0600;
				ORGANIZATIONNAME = "mar Jinn";
				TargetAttributes = {
					1591F31B199C07E10085D16A = {
						CreatedOnToolsVersion = 6.0;
					};
				};
			};
			buildConfigurationList = 1591F317199C07E00085D16A /* Build configuration list for PBXProject "PRO-ObjectiveC" */;
			compatibilityVersion = "Xcode 3.2";
			developmentRegion = English;
			hasScannedForEncodings = 0;
			knownRegions = (
				en,
			);
			mainGroup = 1591F313199C07E00085D16A;
			productRefGroup = 1591F31D199C07E10085D16A /* Products */;
			projectDirPath = "";
			projectRoot = "";
			targets = (
				1591F31B199C07E10085D16A /* PRO-ObjectiveC */,
			);
		};
/* End PBXProject section */

/* Begin PBXSourcesBuildPhase section */
		1591F318199C07E10085D16A /* Sources */ = {
			isa = PBXSourcesBuildPhase;
			buildActionMask = 2147483647;
			files = (
				15B3B26C199ED18C0080141C /* HydrogenHelper.m in Sources */,
				1591F32D199C11D60085D16A /* Ch2-UsingClasses.m in Sources */,
				1591F320199C07E10085D16A /* main.m in Sources */,
				1591F329199C0A9A0085D16A /* Ch1GettingStarted.m in Sources */,
				15C35A74199D2E57005A1F71 /* Ch2-UsingClasses+Nuclear.m in Sources */,
				15C35A78199D5C55005A1F71 /* Ch23-ObjectsAndMessaging.m in Sources */,
				15B3B26F199ED8450080141C /* Ch2UsingClasses+Helper.m in Sources */,
				15B3B269199E8F130080141C /* Hydrogen.m in Sources */,
			);
			runOnlyForDeploymentPostprocessing = 0;
		};
/* End PBXSourcesBuildPhase section */

/* Begin XCBuildConfiguration section */
		1591F321199C07E10085D16A /* Debug */ = {
			isa = XCBuildConfiguration;
			buildSettings = {
				ALWAYS_SEARCH_USER_PATHS = NO;
				CLANG_CXX_LANGUAGE_STANDARD = "gnu++0x";
				CLANG_CXX_LIBRARY = "libc++";
				CLANG_ENABLE_MODULES = YES;
				CLANG_ENABLE_OBJC_ARC = YES;
				CLANG_WARN_BOOL_CONVERSION = YES;
				CLANG_WARN_CONSTANT_CONVERSION = YES;
				CLANG_WARN_DIRECT_OBJC_ISA_USAGE = YES_ERROR;
				CLANG_WARN_EMPTY_BODY = YES;
				CLANG_WARN_ENUM_CONVERSION = YES;
				CLANG_WARN_INT_CONVERSION = YES;
				CLANG_WARN_OBJC_ROOT_CLASS = YES_ERROR;
				CLANG_WARN_UNREACHABLE_CODE = YES;
				CLANG_WARN__DUPLICATE_METHOD_MATCH = YES;
				COPY_PHASE_STRIP = NO;
				ENABLE_STRICT_OBJC_MSGSEND = YES;
				GCC_C_LANGUAGE_STANDARD = gnu99;
				GCC_DYNAMIC_NO_PIC = NO;
				GCC_OPTIMIZATION_LEVEL = 0;
				GCC_PREPROCESSOR_DEFINITIONS = (
					"DEBUG=1",
					"$(inherited)",
				);
				GCC_SYMBOLS_PRIVATE_EXTERN = NO;
				GCC_WARN_64_TO_32_BIT_CONVERSION = YES;
				GCC_WARN_ABOUT_RETURN_TYPE = YES_ERROR;
				GCC_WARN_UNDECLARED_SELECTOR = YES;
				GCC_WARN_UNINITIALIZED_AUTOS = YES_AGGRESSIVE;
				GCC_WARN_UNUSED_FUNCTION = YES;
				GCC_WARN_UNUSED_VARIABLE = YES;
				MACOSX_DEPLOYMENT_TARGET = 10.9;
				METAL_ENABLE_DEBUG_INFO = YES;
				ONLY_ACTIVE_ARCH = YES;
				SDKROOT = macosx;
			};
			name = Debug;
		};
		1591F322199C07E10085D16A /* Release */ = {
			isa = XCBuildConfiguration;
			buildSettings = {
				ALWAYS_SEARCH_USER_PATHS = NO;
				CLANG_CXX_LANGUAGE_STANDARD = "gnu++0x";
				CLANG_CXX_LIBRARY = "libc++";
				CLANG_ENABLE_MODULES = YES;
				CLANG_ENABLE_OBJC_ARC = YES;
				CLANG_WARN_BOOL_CONVERSION = YES;
				CLANG_WARN_CONSTANT_CONVERSION = YES;
				CLANG_WARN_DIRECT_OBJC_ISA_USAGE = YES_ERROR;
				CLANG_WARN_EMPTY_BODY = YES;
				CLANG_WARN_ENUM_CONVERSION = YES;
				CLANG_WARN_INT_CONVERSION = YES;
				CLANG_WARN_OBJC_ROOT_CLASS = YES_ERROR;
				CLANG_WARN_UNREACHABLE_CODE = YES;
				CLANG_WARN__DUPLICATE_METHOD_MATCH = YES;
				COPY_PHASE_STRIP = YES;
				DEBUG_INFORMATION_FORMAT = "dwarf-with-dsym";
				ENABLE_NS_ASSERTIONS = NO;
				ENABLE_STRICT_OBJC_MSGSEND = YES;
				GCC_C_LANGUAGE_STANDARD = gnu99;
				GCC_WARN_64_TO_32_BIT_CONVERSION = YES;
				GCC_WARN_ABOUT_RETURN_TYPE = YES_ERROR;
				GCC_WARN_UNDECLARED_SELECTOR = YES;
				GCC_WARN_UNINITIALIZED_AUTOS = YES_AGGRESSIVE;
				GCC_WARN_UNUSED_FUNCTION = YES;
				GCC_WARN_UNUSED_VARIABLE = YES;
				MACOSX_DEPLOYMENT_TARGET = 10.9;
				METAL_ENABLE_DEBUG_INFO = NO;
				SDKROOT = macosx;
			};
			name = Release;
		};
		1591F324199C07E10085D16A /* Debug */ = {
			isa = XCBuildConfiguration;
			buildSettings = {
				PRODUCT_NAME = "$(TARGET_NAME)";
			};
			name = Debug;
		};
		1591F325199C07E10085D16A /* Release */ = {
			isa = XCBuildConfiguration;
			buildSettings = {
				PRODUCT_NAME = "$(TARGET_NAME)";
			};
			name = Release;
		};
/* End XCBuildConfiguration section */

/* Begin XCConfigurationList section */
		1591F317199C07E00085D16A /* Build configuration list for PBXProject "PRO-ObjectiveC" */ = {
			isa = XCConfigurationList;
			buildConfigurations = (
				1591F321199C07E10085D16A /* Debug */,
				1591F322199C07E10085D16A /* Release */,
			);
			defaultConfigurationIsVisible = 0;
			defaultConfigurationName = Release;
		};
		1591F323199C07E10085D16A /* Build configuration list for PBXNativeTarget "PRO-ObjectiveC" */ = {
			isa = XCConfigurationList;
			buildConfigurations = (
				1591F324199C07E10085D16A /* Debug */,
				1591F325199C07E10085D16A /* Release */,
			);
			defaultConfigurationIsVisible = 0;
			defaultConfigurationName = Release;
		};
/* End XCConfigurationList section */
	};
	rootObject = 1591F314199C07E00085D16A /* Project object */;
}
